<?xml version="1.0" encoding="utf-8"?>
<Project ToolsVersion="4.0" xmlns="http://schemas.microsoft.com/developer/msbuild/2003">
  <ItemGroup>
    <Filter Include="Source Files">
      <UniqueIdentifier>{4FC737F1-C7A5-4376-A066-2A32D752A2FF}</UniqueIdentifier>
      <Extensions>cpp;c;cc;cxx;c++;cppm;ixx;def;odl;idl;hpj;bat;asm;asmx</Extensions>
    </Filter>
    <Filter Include="Resource Files">
      <UniqueIdentifier>{67DA6AB6-F800-4c08-8B7A-83BB121AAD01}</UniqueIdentifier>
      <Extensions>rc;ico;cur;bmp;dlg;rc2;rct;bin;rgs;gif;jpg;jpeg;jpe;resx;tiff;tif;png;wav;mfcribbon-ms</Extensions>
    </Filter>
    <Filter Include="Game">
      <UniqueIdentifier>{43fac3e6-bd65-4b82-8257-13aba7547218}</UniqueIdentifier>
    </Filter>
    <Filter Include="ECS">
      <UniqueIdentifier>{0c0fb6d3-addd-4bf7-8093-0e8c82d8e204}</UniqueIdentifier>
    </Filter>
    <Filter Include="Rendering">
      <UniqueIdentifier>{c91eda20-3cd9-49b8-8295-83b25f957570}</UniqueIdentifier>
    </Filter>
    <Filter Include="ResourceTypes">
      <UniqueIdentifier>{2854ebba-a81d-46ae-b1c5-68646a7131b2}</UniqueIdentifier>
    </Filter>
    <Filter Include="IO">
      <UniqueIdentifier>{9ec5618c-9eff-4555-8485-02417fb39ce9}</UniqueIdentifier>
    </Filter>
    <Filter Include="Constants">
      <UniqueIdentifier>{8998df79-da92-417c-be54-50441659429f}</UniqueIdentifier>
    </Filter>
    <Filter Include="Shaders">
      <UniqueIdentifier>{036c3e72-28b0-4480-ba44-15157768652c}</UniqueIdentifier>
    </Filter>
  </ItemGroup>
  <ItemGroup>
    <ClInclude Include="Rendering\Mesh.h">
      <Filter>Rendering</Filter>
    </ClInclude>
    <ClInclude Include="Rendering\ModelRendererData.h">
      <Filter>Rendering</Filter>
    </ClInclude>
    <ClInclude Include="Rendering\Model.h">
      <Filter>Rendering</Filter>
    </ClInclude>
    <ClInclude Include="Rendering\ModelRenderingSystem.h">
      <Filter>Rendering</Filter>
    </ClInclude>
    <ClInclude Include="Rendering\ShaderData.h">
      <Filter>Rendering</Filter>
    </ClInclude>
    <ClInclude Include="ECS\ComponentArray.h">
      <Filter>ECS</Filter>
    </ClInclude>
    <ClInclude Include="ECS\Query.h">
      <Filter>ECS</Filter>
    </ClInclude>
    <ClInclude Include="ECS\Ref.h">
      <Filter>ECS</Filter>
    </ClInclude>
    <ClInclude Include="ECS\System.h">
      <Filter>ECS</Filter>
    </ClInclude>
    <ClInclude Include="ECS\World.h">
      <Filter>ECS</Filter>
    </ClInclude>
    <ClInclude Include="Rendering\TransformData.h">
      <Filter>Rendering</Filter>
    </ClInclude>
    <ClInclude Include="Rendering\BaseColorData.h">
      <Filter>Rendering</Filter>
    </ClInclude>
    <ClInclude Include="..\..\Game\FirstPersonCameraSystem.h">
      <Filter>Game</Filter>
    </ClInclude>
    <ClInclude Include="ResourceTypes\Time.h">
      <Filter>ResourceTypes</Filter>
    </ClInclude>
    <ClInclude Include="ResourceTypes\Window.h">
      <Filter>ResourceTypes</Filter>
    </ClInclude>
    <ClInclude Include="IO\AssetManager.h">
      <Filter>IO</Filter>
    </ClInclude>
    <ClInclude Include="Rendering\CameraData.h">
      <Filter>Rendering</Filter>
    </ClInclude>
    <ClInclude Include="Constants\DefaultShaders.h">
      <Filter>Constants</Filter>
    </ClInclude>
    <ClInclude Include="Input\Key.h" />
    <ClInclude Include="Input\KeyCode.h" />
    <ClInclude Include="Input\Input.h" />
    <ClInclude Include="Input\SetInputKeysSystem.h" />
    <ClInclude Include="Input\InitializeInputSystem.h" />
    <ClInclude Include="Resources.h" />
    <ClInclude Include="Input\SetMouseInputSystem.h" />
    <ClInclude Include="..\..\Game\FirstPersonControllerData.h" />
    <ClInclude Include="Constants\ShaderUniforms.h" />
    <ClInclude Include="Rendering\TextureType.h" />
    <ClInclude Include="Rendering\Lighting\DirectionalLightData.h" />
    <ClInclude Include="Rendering\Lighting\DirectionalLightSystem.h" />
    <ClInclude Include="RenderingComponents.h" />
    <ClInclude Include="Constants.h" />
    <ClInclude Include="Rendering\Lighting\PointLightData.h" />
    <ClInclude Include="Rendering\Lighting\PointLightSystem.h" />
    <ClInclude Include="Usings.h" />
    <ClInclude Include="Math\Vector3.h" />
    <ClInclude Include="Math\Mathf.h" />
    <ClInclude Include="Math\Quaternion.h" />
    <ClInclude Include="Math\Matrix.h" />
    <ClInclude Include="Rendering\WindowSystem.h" />
    <ClInclude Include="ckMath.h" />
    <ClInclude Include="Rendering\SetProjectionViewMatrices.h" />
    <ClInclude Include="PhysicsComponents.h" />
    <ClInclude Include="Physics\BoxColliderData.h" />
    <ClInclude Include="Physics\PhysicsSystem.h" />
    <ClInclude Include="Physics\RigidbodyData.h" />
    <ClInclude Include="Physics\RigidBodyMode.h" />
    <ClInclude Include="Physics\PhysicsMaterial.h" />
    <ClInclude Include="..\..\Game\SpawnLevelItemsSystem.h" />
    <ClInclude Include="..\..\Game\TurnSpeedData.h" />
    <ClInclude Include="Physics\PhysicsFuncs.h" />
    <ClInclude Include="Math\BoundingBox.h" />
    <ClInclude Include="Math\MinMax.h" />
    <ClInclude Include="..\..\Game\CarControllerSystem.h" />
    <ClInclude Include="..\..\Game\CarControllerData.h" />
  </ItemGroup>
  <ItemGroup>
    <ClCompile Include="Cookie.h">
      <Filter>Source Files</Filter>
    </ClCompile>
    <ClCompile Include="..\..\..\OpenGL\glad\src\glad.c">
      <Filter>Source Files</Filter>
    </ClCompile>
    <ClCompile Include="Rendering\Model.cpp">
      <Filter>Rendering</Filter>
    </ClCompile>
    <ClCompile Include="stb_image.cpp">
      <Filter>Source Files</Filter>
    </ClCompile>
    <ClCompile Include="..\..\Game\game.cpp">
      <Filter>Game</Filter>
    </ClCompile>
    <ClCompile Include="main.cpp">
      <Filter>Source Files</Filter>
    </ClCompile>
    <ClCompile Include="IO\AssetManager.cpp">
      <Filter>Rendering</Filter>
    </ClCompile>
    <ClCompile Include="ECS\World.cpp">
      <Filter>Source Files</Filter>
    </ClCompile>
    <ClCompile Include="Input\InitializeInputSystem.cpp">
      <Filter>Source Files</Filter>
    </ClCompile>
    <ClCompile Include="Input\SetInputKeysSystem.cpp">
      <Filter>Source Files</Filter>
    </ClCompile>
    <ClCompile Include="Input\SetMouseInputSystem.cpp">
      <Filter>Source Files</Filter>
    </ClCompile>
    <ClCompile Include="Rendering\Mesh.cpp">
      <Filter>Source Files</Filter>
    </ClCompile>
    <ClCompile Include="Rendering\ModelRenderingSystem.cpp">
      <Filter>Source Files</Filter>
    </ClCompile>
    <ClCompile Include="..\..\Game\FirstPersonCameraSystem.cpp">
      <Filter>Source Files</Filter>
    </ClCompile>
    <ClCompile Include="Rendering\Lighting\DirectionalLightSystem.cpp">
      <Filter>Source Files</Filter>
    </ClCompile>
    <ClCompile Include="Rendering\Lighting\PointLightSystem.cpp">
      <Filter>Source Files</Filter>
    </ClCompile>
    <ClCompile Include="Math\Matrix.cpp">
      <Filter>Source Files</Filter>
    </ClCompile>
    <ClCompile Include="Rendering\WindowSystem.cpp">
      <Filter>Source Files</Filter>
    </ClCompile>
    <ClCompile Include="Rendering\SetProjectionViewMatrices.cpp">
      <Filter>Source Files</Filter>
    </ClCompile>
    <ClCompile Include="Physics\PhysicsSystem.cpp">
      <Filter>Source Files</Filter>
    </ClCompile>
    <ClCompile Include="..\..\Game\SpawnLevelItemsSystem.cpp">
      <Filter>Source Files</Filter>
    </ClCompile>
    <ClCompile Include="Physics\PhysicsFuncs.cpp">
      <Filter>Source Files</Filter>
    </ClCompile>
    <ClCompile Include="..\..\Game\CarControllerSystem.cpp">
      <Filter>Source Files</Filter>
    </ClCompile>
  </ItemGroup>
  <ItemGroup>
    <None Include="Shaders\default_lit_vertex.glsl">
      <Filter>Shaders</Filter>
    </None>
    <None Include="Shaders\default_lit_fragment.glsl">
      <Filter>Shaders</Filter>
    </None>
  </ItemGroup>
</Project>